
Microsoft Visual Studio Solution File, Format Version 12.00
# Visual Studio 2013
VisualStudioVersion = 12.0.31010.0
MinimumVisualStudioVersion = 10.0.40219.1
Project("{FAE04EC0-301F-11D3-BF4B-00C04F79EFBC}") = "SGI.UnitTests", "SGI.UnitTests\SGI.UnitTests.csproj", "{98C8B91B-E2DA-4F9E-B12F-A2C32899B5A2}"
EndProject
Project("{FAE04EC0-301F-11D3-BF4B-00C04F79EFBC}") = "SGI.Core", "SGI.Core\SGI.Core.csproj", "{2B28FC18-9DA0-4FE6-A2FA-1473F9C2A0AD}"
EndProject
Project("{FAE04EC0-301F-11D3-BF4B-00C04F79EFBC}") = "ConsoleApplication2", "ConsoleApplication2\ConsoleApplication2.csproj", "{B9CAE0CB-D8EC-4821-BC28-C72048E6915E}"
EndProject
Global
	GlobalSection(SolutionConfigurationPlatforms) = preSolution
		Debug|Any CPU = Debug|Any CPU
		Release|Any CPU = Release|Any CPU
	EndGlobalSection
	GlobalSection(ProjectConfigurationPlatforms) = postSolution
		{98C8B91B-E2DA-4F9E-B12F-A2C32899B5A2}.Debug|Any CPU.ActiveCfg = Debug|Any CPU
		{98C8B91B-E2DA-4F9E-B12F-A2C32899B5A2}.Debug|Any CPU.Build.0 = Debug|Any CPU
		{98C8B91B-E2DA-4F9E-B12F-A2C32899B5A2}.Release|Any CPU.ActiveCfg = Release|Any CPU
		{98C8B91B-E2DA-4F9E-B12F-A2C32899B5A2}.Release|Any CPU.Build.0 = Release|Any CPU
		{2B28FC18-9DA0-4FE6-A2FA-1473F9C2A0AD}.Debug|Any CPU.ActiveCfg = Debug|Any CPU
		{2B28FC18-9DA0-4FE6-A2FA-1473F9C2A0AD}.Debug|Any CPU.Build.0 = Debug|Any CPU
		{2B28FC18-9DA0-4FE6-A2FA-1473F9C2A0AD}.Release|Any CPU.ActiveCfg = Release|Any CPU
		{2B28FC18-9DA0-4FE6-A2FA-1473F9C2A0AD}.Release|Any CPU.Build.0 = Release|Any CPU
		{B9CAE0CB-D8EC-4821-BC28-C72048E6915E}.Debug|Any CPU.ActiveCfg = Debug|Any CPU
		{B9CAE0CB-D8EC-4821-BC28-C72048E6915E}.Debug|Any CPU.Build.0 = Debug|Any CPU
		{B9CAE0CB-D8EC-4821-BC28-C72048E6915E}.Release|Any CPU.ActiveCfg = Release|Any CPU
		{B9CAE0CB-D8EC-4821-BC28-C72048E6915E}.Release|Any CPU.Build.0 = Release|Any CPU
	EndGlobalSection
	GlobalSection(SolutionProperties) = preSolution
		HideSolutionNode = FALSE
	EndGlobalSection
EndGlobal
